// !$*UTF8*$!
{
	archiveVersion = 1;
	classes = {
	};
	objectVersion = 56;
	objects = {

/* Begin PBXBuildFile section */
		FF7E2E622D70CC62008872EE /* AppDelegate.swift in Sources */ = {isa = PBXBuildFile; fileRef = FF7E2E612D70CC62008872EE /* AppDelegate.swift */; };
		FF7E2E642D70CC62008872EE /* SceneDelegate.swift in Sources */ = {isa = PBXBuildFile; fileRef = FF7E2E632D70CC62008872EE /* SceneDelegate.swift */; };
		FF7E2E662D70CC62008872EE /* ViewController.swift in Sources */ = {isa = PBXBuildFile; fileRef = FF7E2E652D70CC62008872EE /* ViewController.swift */; };
		FF7E2E692D70CC62008872EE /* Main.storyboard in Resources */ = {isa = PBXBuildFile; fileRef = FF7E2E672D70CC62008872EE /* Main.storyboard */; };
		FF7E2E6B2D70CC64008872EE /* Assets.xcassets in Resources */ = {isa = PBXBuildFile; fileRef = FF7E2E6A2D70CC64008872EE /* Assets.xcassets */; };
		FF7E2E6E2D70CC64008872EE /* LaunchScreen.storyboard in Resources */ = {isa = PBXBuildFile; fileRef = FF7E2E6C2D70CC64008872EE /* LaunchScreen.storyboard */; };
		FF7E2E782D70CE4F008872EE /* Service Class.swift in Sources */ = {isa = PBXBuildFile; fileRef = FF7E2E772D70CE4F008872EE /* Service Class.swift */; };
		FF7E2E7A2D70CE67008872EE /* MovieModel.swift in Sources */ = {isa = PBXBuildFile; fileRef = FF7E2E792D70CE67008872EE /* MovieModel.swift */; };
		FF7E2E7C2D70CEFF008872EE /* MoviesTableViewCell.swift in Sources */ = {isa = PBXBuildFile; fileRef = FF7E2E7B2D70CEFF008872EE /* MoviesTableViewCell.swift */; };
		FF7E2E7E2D70DA9C008872EE /* Definition.swift in Sources */ = {isa = PBXBuildFile; fileRef = FF7E2E7D2D70DA9C008872EE /* Definition.swift */; };
/* End PBXBuildFile section */

/* Begin PBXFileReference section */
		FF7E2E5E2D70CC62008872EE /* OptimumSolutionsAssessment.app */ = {isa = PBXFileReference; explicitFileType = wrapper.application; includeInIndex = 0; path = OptimumSolutionsAssessment.app; sourceTree = BUILT_PRODUCTS_DIR; };
		FF7E2E612D70CC62008872EE /* AppDelegate.swift */ = {isa = PBXFileReference; lastKnownFileType = sourcecode.swift; path = AppDelegate.swift; sourceTree = "<group>"; };
		FF7E2E632D70CC62008872EE /* SceneDelegate.swift */ = {isa = PBXFileReference; lastKnownFileType = sourcecode.swift; path = SceneDelegate.swift; sourceTree = "<group>"; };
		FF7E2E652D70CC62008872EE /* ViewController.swift */ = {isa = PBXFileReference; lastKnownFileType = sourcecode.swift; path = ViewController.swift; sourceTree = "<group>"; };
		FF7E2E682D70CC62008872EE /* Base */ = {isa = PBXFileReference; lastKnownFileType = file.storyboard; name = Base; path = Base.lproj/Main.storyboard; sourceTree = "<group>"; };
		FF7E2E6A2D70CC64008872EE /* Assets.xcassets */ = {isa = PBXFileReference; lastKnownFileType = folder.assetcatalog; path = Assets.xcassets; sourceTree = "<group>"; };
		FF7E2E6D2D70CC64008872EE /* Base */ = {isa = PBXFileReference; lastKnownFileType = file.storyboard; name = Base; path = Base.lproj/LaunchScreen.storyboard; sourceTree = "<group>"; };
		FF7E2E6F2D70CC64008872EE /* Info.plist */ = {isa = PBXFileReference; lastKnownFileType = text.plist.xml; path = Info.plist; sourceTree = "<group>"; };
		FF7E2E772D70CE4F008872EE /* Service Class.swift */ = {isa = PBXFileReference; lastKnownFileType = sourcecode.swift; path = "Service Class.swift"; sourceTree = "<group>"; };
		FF7E2E792D70CE67008872EE /* MovieModel.swift */ = {isa = PBXFileReference; lastKnownFileType = sourcecode.swift; path = MovieModel.swift; sourceTree = "<group>"; };
		FF7E2E7B2D70CEFF008872EE /* MoviesTableViewCell.swift */ = {isa = PBXFileReference; lastKnownFileType = sourcecode.swift; path = MoviesTableViewCell.swift; sourceTree = "<group>"; };
		FF7E2E7D2D70DA9C008872EE /* Definition.swift */ = {isa = PBXFileReference; lastKnownFileType = sourcecode.swift; path = Definition.swift; sourceTree = "<group>"; };
/* End PBXFileReference section */

/* Begin PBXFrameworksBuildPhase section */
		FF7E2E5B2D70CC62008872EE /* Frameworks */ = {
			isa = PBXFrameworksBuildPhase;
			buildActionMask = 2147483647;
			files = (
			);
			runOnlyForDeploymentPostprocessing = 0;
		};
/* End PBXFrameworksBuildPhase section */

/* Begin PBXGroup section */
		FF7E2E552D70CC62008872EE = {
			isa = PBXGroup;
			children = (
				FF7E2E7F2D70DB84008872EE /* Common */,
				FF7E2E762D70CE2B008872EE /* Model */,
				FF7E2E752D70CE1B008872EE /* Service Class */,
				FF7E2E602D70CC62008872EE /* OptimumSolutionsAssessment */,
				FF7E2E5F2D70CC62008872EE /* Products */,
			);
			sourceTree = "<group>";
		};
		FF7E2E5F2D70CC62008872EE /* Products */ = {
			isa = PBXGroup;
			children = (
				FF7E2E5E2D70CC62008872EE /* OptimumSolutionsAssessment.app */,
			);
			name = Products;
			sourceTree = "<group>";
		};
		FF7E2E602D70CC62008872EE /* OptimumSolutionsAssessment */ = {
			isa = PBXGroup;
			children = (
				FF7E2E612D70CC62008872EE /* AppDelegate.swift */,
				FF7E2E632D70CC62008872EE /* SceneDelegate.swift */,
				FF7E2E652D70CC62008872EE /* ViewController.swift */,
				FF7E2E672D70CC62008872EE /* Main.storyboard */,
				FF7E2E6A2D70CC64008872EE /* Assets.xcassets */,
				FF7E2E6C2D70CC64008872EE /* LaunchScreen.storyboard */,
				FF7E2E6F2D70CC64008872EE /* Info.plist */,
				FF7E2E7B2D70CEFF008872EE /* MoviesTableViewCell.swift */,
			);
			path = OptimumSolutionsAssessment;
			sourceTree = "<group>";
		};
		FF7E2E752D70CE1B008872EE /* Service Class */ = {
			isa = PBXGroup;
			children = (
				FF7E2E772D70CE4F008872EE /* Service Class.swift */,
			);
			path = "Service Class";
			sourceTree = "<group>";
		};
		FF7E2E762D70CE2B008872EE /* Model */ = {
			isa = PBXGroup;
			children = (
				FF7E2E792D70CE67008872EE /* MovieModel.swift */,
			);
			path = Model;
			sourceTree = "<group>";
		};
		FF7E2E7F2D70DB84008872EE /* Common */ = {
			isa = PBXGroup;
			children = (
				FF7E2E7D2D70DA9C008872EE /* Definition.swift */,
			);
			path = Common;
			sourceTree = "<group>";
		};
/* End PBXGroup section */

/* Begin PBXNativeTarget section */
		FF7E2E5D2D70CC62008872EE /* OptimumSolutionsAssessment */ = {
			isa = PBXNativeTarget;
			buildConfigurationList = FF7E2E722D70CC64008872EE /* Build configuration list for PBXNativeTarget "OptimumSolutionsAssessment" */;
			buildPhases = (
				FF7E2E5A2D70CC62008872EE /* Sources */,
				FF7E2E5B2D70CC62008872EE /* Frameworks */,
				FF7E2E5C2D70CC62008872EE /* Resources */,
			);
			buildRules = (
			);
			dependencies = (
			);
			name = OptimumSolutionsAssessment;
			productName = OptimumSolutionsAssessment;
			productReference = FF7E2E5E2D70CC62008872EE /* OptimumSolutionsAssessment.app */;
			productType = "com.apple.product-type.application";
		};
/* End PBXNativeTarget section */

/* Begin PBXProject section */
		FF7E2E562D70CC62008872EE /* Project object */ = {
			isa = PBXProject;
			attributes = {
				BuildIndependentTargetsInParallel = 1;
				LastSwiftUpdateCheck = 1500;
				LastUpgradeCheck = 1500;
				TargetAttributes = {
					FF7E2E5D2D70CC62008872EE = {
						CreatedOnToolsVersion = 15.0;
					};
				};
			};
			buildConfigurationList = FF7E2E592D70CC62008872EE /* Build configuration list for PBXProject "OptimumSolutionsAssessment" */;
			compatibilityVersion = "Xcode 14.0";
			developmentRegion = en;
			hasScannedForEncodings = 0;
			knownRegions = (
				en,
				Base,
			);
			mainGroup = FF7E2E552D70CC62008872EE;
			productRefGroup = FF7E2E5F2D70CC62008872EE /* Products */;
			projectDirPath = "";
			projectRoot = "";
			targets = (
				FF7E2E5D2D70CC62008872EE /* OptimumSolutionsAssessment */,
			);
		};
/* End PBXProject section */

/* Begin PBXResourcesBuildPhase section */
		FF7E2E5C2D70CC62008872EE /* Resources */ = {
			isa = PBXResourcesBuildPhase;
			buildActionMask = 2147483647;
			files = (
				FF7E2E6E2D70CC64008872EE /* LaunchScreen.storyboard in Resources */,
				FF7E2E6B2D70CC64008872EE /* Assets.xcassets in Resources */,
				FF7E2E692D70CC62008872EE /* Main.storyboard in Resources */,
			);
			runOnlyForDeploymentPostprocessing = 0;
		};
/* End PBXResourcesBuildPhase section */

/* Begin PBXSourcesBuildPhase section */
		FF7E2E5A2D70CC62008872EE /* Sources */ = {
			isa = PBXSourcesBuildPhase;
			buildActionMask = 2147483647;
			files = (
				FF7E2E7C2D70CEFF008872EE /* MoviesTableViewCell.swift in Sources */,
				FF7E2E662D70CC62008872EE /* ViewController.swift in Sources */,
				FF7E2E782D70CE4F008872EE /* Service Class.swift in Sources */,
				FF7E2E7A2D70CE67008872EE /* MovieModel.swift in Sources */,
				FF7E2E7E2D70DA9C008872EE /* Definition.swift in Sources */,
				FF7E2E622D70CC62008872EE /* AppDelegate.swift in Sources */,
				FF7E2E642D70CC62008872EE /* SceneDelegate.swift in Sources */,
			);
			runOnlyForDeploymentPostprocessing = 0;
		};
/* End PBXSourcesBuildPhase section */

/* Begin PBXVariantGroup section */
		FF7E2E672D70CC62008872EE /* Main.storyboard */ = {
			isa = PBXVariantGroup;
			children = (
				FF7E2E682D70CC62008872EE /* Base */,
			);
			name = Main.storyboard;
			sourceTree = "<group>";
		};
		FF7E2E6C2D70CC64008872EE /* LaunchScreen.storyboard */ = {
			isa = PBXVariantGroup;
			children = (
				FF7E2E6D2D70CC64008872EE /* Base */,
			);
			name = LaunchScreen.storyboard;
			sourceTree = "<group>";
		};
/* End PBXVariantGroup section */

/* Begin XCBuildConfiguration section */
		FF7E2E702D70CC64008872EE /* Debug */ = {
			isa = XCBuildConfiguration;
			buildSettings = {
				ALWAYS_SEARCH_USER_PATHS = NO;
				ASSETCATALOG_COMPILER_GENERATE_SWIFT_ASSET_SYMBOL_EXTENSIONS = YES;
				CLANG_ANALYZER_NONNULL = YES;
				CLANG_ANALYZER_NUMBER_OBJECT_CONVERSION = YES_AGGRESSIVE;
				CLANG_CXX_LANGUAGE_STANDARD = "gnu++20";
				CLANG_ENABLE_MODULES = YES;
				CLANG_ENABLE_OBJC_ARC = YES;
				CLANG_ENABLE_OBJC_WEAK = YES;
				CLANG_WARN_BLOCK_CAPTURE_AUTORELEASING = YES;
				CLANG_WARN_BOOL_CONVERSION = YES;
				CLANG_WARN_COMMA = YES;
				CLANG_WARN_CONSTANT_CONVERSION = YES;
				CLANG_WARN_DEPRECATED_OBJC_IMPLEMENTATIONS = YES;
				CLANG_WARN_DIRECT_OBJC_ISA_USAGE = YES_ERROR;
				CLANG_WARN_DOCUMENTATION_COMMENTS = YES;
				CLANG_WARN_EMPTY_BODY = YES;
				CLANG_WARN_ENUM_CONVERSION = YES;
				CLANG_WARN_INFINITE_RECURSION = YES;
				CLANG_WARN_INT_CONVERSION = YES;
				CLANG_WARN_NON_LITERAL_NULL_CONVERSION = YES;
				CLANG_WARN_OBJC_IMPLICIT_RETAIN_SELF = YES;
				CLANG_WARN_OBJC_LITERAL_CONVERSION = YES;
				CLANG_WARN_OBJC_ROOT_CLASS = YES_ERROR;
				CLANG_WARN_QUOTED_INCLUDE_IN_FRAMEWORK_HEADER = YES;
				CLANG_WARN_RANGE_LOOP_ANALYSIS = YES;
				CLANG_WARN_STRICT_PROTOTYPES = YES;
				CLANG_WARN_SUSPICIOUS_MOVE = YES;
				CLANG_WARN_UNGUARDED_AVAILABILITY = YES_AGGRESSIVE;
				CLANG_WARN_UNREACHABLE_CODE = YES;
				CLANG_WARN__DUPLICATE_METHOD_MATCH = YES;
				COPY_PHASE_STRIP = NO;
				DEBUG_INFORMATION_FORMAT = dwarf;
				ENABLE_STRICT_OBJC_MSGSEND = YES;
				ENABLE_TESTABILITY = YES;
				ENABLE_USER_SCRIPT_SANDBOXING = YES;
				GCC_C_LANGUAGE_STANDARD = gnu17;
				GCC_DYNAMIC_NO_PIC = NO;
				GCC_NO_COMMON_BLOCKS = YES;
				GCC_OPTIMIZATION_LEVEL = 0;
				GCC_PREPROCESSOR_DEFINITIONS = (
					"DEBUG=1",
					"$(inherited)",
				);
				GCC_WARN_64_TO_32_BIT_CONVERSION = YES;
				GCC_WARN_ABOUT_RETURN_TYPE = YES_ERROR;
				GCC_WARN_UNDECLARED_SELECTOR = YES;
				GCC_WARN_UNINITIALIZED_AUTOS = YES_AGGRESSIVE;
				GCC_WARN_UNUSED_FUNCTION = YES;
				GCC_WARN_UNUSED_VARIABLE = YES;
				IPHONEOS_DEPLOYMENT_TARGET = 17.0;
				LOCALIZATION_PREFERS_STRING_CATALOGS = YES;
				MTL_ENABLE_DEBUG_INFO = INCLUDE_SOURCE;
				MTL_FAST_MATH = YES;
				ONLY_ACTIVE_ARCH = YES;
				SDKROOT = iphoneos;
				SWIFT_ACTIVE_COMPILATION_CONDITIONS = "DEBUG $(inherited)";
				SWIFT_OPTIMIZATION_LEVEL = "-Onone";
			};
			name = Debug;
		};
		FF7E2E712D70CC64008872EE /* Release */ = {
			isa = XCBuildConfiguration;
			buildSettings = {
				ALWAYS_SEARCH_USER_PATHS = NO;
				ASSETCATALOG_COMPILER_GENERATE_SWIFT_ASSET_SYMBOL_EXTENSIONS = YES;
				CLANG_ANALYZER_NONNULL = YES;
				CLANG_ANALYZER_NUMBER_OBJECT_CONVERSION = YES_AGGRESSIVE;
				CLANG_CXX_LANGUAGE_STANDARD = "gnu++20";
				CLANG_ENABLE_MODULES = YES;
				CLANG_ENABLE_OBJC_ARC = YES;
				CLANG_ENABLE_OBJC_WEAK = YES;
				CLANG_WARN_BLOCK_CAPTURE_AUTORELEASING = YES;
				CLANG_WARN_BOOL_CONVERSION = YES;
				CLANG_WARN_COMMA = YES;
				CLANG_WARN_CONSTANT_CONVERSION = YES;
				CLANG_WARN_DEPRECATED_OBJC_IMPLEMENTATIONS = YES;
				CLANG_WARN_DIRECT_OBJC_ISA_USAGE = YES_ERROR;
				CLANG_WARN_DOCUMENTATION_COMMENTS = YES;
				CLANG_WARN_EMPTY_BODY = YES;
				CLANG_WARN_ENUM_CONVERSION = YES;
				CLANG_WARN_INFINITE_RECURSION = YES;
				CLANG_WARN_INT_CONVERSION = YES;
				CLANG_WARN_NON_LITERAL_NULL_CONVERSION = YES;
				CLANG_WARN_OBJC_IMPLICIT_RETAIN_SELF = YES;
				CLANG_WARN_OBJC_LITERAL_CONVERSION = YES;
				CLANG_WARN_OBJC_ROOT_CLASS = YES_ERROR;
				CLANG_WARN_QUOTED_INCLUDE_IN_FRAMEWORK_HEADER = YES;
				CLANG_WARN_RANGE_LOOP_ANALYSIS = YES;
				CLANG_WARN_STRICT_PROTOTYPES = YES;
				CLANG_WARN_SUSPICIOUS_MOVE = YES;
				CLANG_WARN_UNGUARDED_AVAILABILITY = YES_AGGRESSIVE;
				CLANG_WARN_UNREACHABLE_CODE = YES;
				CLANG_WARN__DUPLICATE_METHOD_MATCH = YES;
				COPY_PHASE_STRIP = NO;
				DEBUG_INFORMATION_FORMAT = "dwarf-with-dsym";
				ENABLE_NS_ASSERTIONS = NO;
				ENABLE_STRICT_OBJC_MSGSEND = YES;
				ENABLE_USER_SCRIPT_SANDBOXING = YES;
				GCC_C_LANGUAGE_STANDARD = gnu17;
				GCC_NO_COMMON_BLOCKS = YES;
				GCC_WARN_64_TO_32_BIT_CONVERSION = YES;
				GCC_WARN_ABOUT_RETURN_TYPE = YES_ERROR;
				GCC_WARN_UNDECLARED_SELECTOR = YES;
				GCC_WARN_UNINITIALIZED_AUTOS = YES_AGGRESSIVE;
				GCC_WARN_UNUSED_FUNCTION = YES;
				GCC_WARN_UNUSED_VARIABLE = YES;
				IPHONEOS_DEPLOYMENT_TARGET = 17.0;
				LOCALIZATION_PREFERS_STRING_CATALOGS = YES;
				MTL_ENABLE_DEBUG_INFO = NO;
				MTL_FAST_MATH = YES;
				SDKROOT = iphoneos;
				SWIFT_COMPILATION_MODE = wholemodule;
				VALIDATE_PRODUCT = YES;
			};
			name = Release;
		};
		FF7E2E732D70CC64008872EE /* Debug */ = {
			isa = XCBuildConfiguration;
			buildSettings = {
				ASSETCATALOG_COMPILER_APPICON_NAME = AppIcon;
				ASSETCATALOG_COMPILER_GLOBAL_ACCENT_COLOR_NAME = AccentColor;
				CODE_SIGN_STYLE = Automatic;
				CURRENT_PROJECT_VERSION = 1;
				DEVELOPMENT_TEAM = 5R24GUY4SV;
				GENERATE_INFOPLIST_FILE = YES;
				INFOPLIST_FILE = OptimumSolutionsAssessment/Info.plist;
				INFOPLIST_KEY_UIApplicationSupportsIndirectInputEvents = YES;
				INFOPLIST_KEY_UILaunchStoryboardName = LaunchScreen;
				INFOPLIST_KEY_UIMainStoryboardFile = Main;
				INFOPLIST_KEY_UISupportedInterfaceOrientations_iPad = "UIInterfaceOrientationPortrait UIInterfaceOrientationPortraitUpsideDown UIInterfaceOrientationLandscapeLeft UIInterfaceOrientationLandscapeRight";
				INFOPLIST_KEY_UISupportedInterfaceOrientations_iPhone = "UIInterfaceOrientationPortrait UIInterfaceOrientationLandscapeLeft UIInterfaceOrientationLandscapeRight";
				LD_RUNPATH_SEARCH_PATHS = (
					"$(inherited)",
					"@executable_path/Frameworks",
				);
				MARKETING_VERSION = 1.0;
				PRODUCT_BUNDLE_IDENTIFIER = com.org.OptimumSolutionsAssessment;
				PRODUCT_NAME = "$(TARGET_NAME)";
				SWIFT_EMIT_LOC_STRINGS = YES;
				SWIFT_VERSION = 5.0;
				TARGETED_DEVICE_FAMILY = "1,2";
			};
			name = Debug;
		};
		FF7E2E742D70CC64008872EE /* Release */ = {
			isa = XCBuildConfiguration;
			buildSettings = {
				ASSETCATALOG_COMPILER_APPICON_NAME = AppIcon;
				ASSETCATALOG_COMPILER_GLOBAL_ACCENT_COLOR_NAME = AccentColor;
				CODE_SIGN_STYLE = Automatic;
				CURRENT_PROJECT_VERSION = 1;
				DEVELOPMENT_TEAM = 5R24GUY4SV;
				GENERATE_INFOPLIST_FILE = YES;
				INFOPLIST_FILE = OptimumSolutionsAssessment/Info.plist;
				INFOPLIST_KEY_UIApplicationSupportsIndirectInputEvents = YES;
				INFOPLIST_KEY_UILaunchStoryboardName = LaunchScreen;
				INFOPLIST_KEY_UIMainStoryboardFile = Main;
				INFOPLIST_KEY_UISupportedInterfaceOrientations_iPad = "UIInterfaceOrientationPortrait UIInterfaceOrientationPortraitUpsideDown UIInterfaceOrientationLandscapeLeft UIInterfaceOrientationLandscapeRight";
				INFOPLIST_KEY_UISupportedInterfaceOrientations_iPhone = "UIInterfaceOrientationPortrait UIInterfaceOrientationLandscapeLeft UIInterfaceOrientationLandscapeRight";
				LD_RUNPATH_SEARCH_PATHS = (
					"$(inherited)",
					"@executable_path/Frameworks",
				);
				MARKETING_VERSION = 1.0;
				PRODUCT_BUNDLE_IDENTIFIER = com.org.OptimumSolutionsAssessment;
				PRODUCT_NAME = "$(TARGET_NAME)";
				SWIFT_EMIT_LOC_STRINGS = YES;
				SWIFT_VERSION = 5.0;
				TARGETED_DEVICE_FAMILY = "1,2";
			};
			name = Release;
		};
/* End XCBuildConfiguration section */

/* Begin XCConfigurationList section */
		FF7E2E592D70CC62008872EE /* Build configuration list for PBXProject "OptimumSolutionsAssessment" */ = {
			isa = XCConfigurationList;
			buildConfigurations = (
				FF7E2E702D70CC64008872EE /* Debug */,
				FF7E2E712D70CC64008872EE /* Release */,
			);
			defaultConfigurationIsVisible = 0;
			defaultConfigurationName = Release;
		};
		FF7E2E722D70CC64008872EE /* Build configuration list for PBXNativeTarget "OptimumSolutionsAssessment" */ = {
			isa = XCConfigurationList;
			buildConfigurations = (
				FF7E2E732D70CC64008872EE /* Debug */,
				FF7E2E742D70CC64008872EE /* Release */,
			);
			defaultConfigurationIsVisible = 0;
			defaultConfigurationName = Release;
		};
/* End XCConfigurationList section */
	};
	rootObject = FF7E2E562D70CC62008872EE /* Project object */;
}
